
Microsoft Visual Studio Solution File, Format Version 12.00
# Visual Studio Version 17
VisualStudioVersion = 17.1.32319.34
MinimumVisualStudioVersion = 10.0.40219.1
Project("{9A19103F-16F7-4668-BE54-9A1E7A4F7556}") = "EmulatorGUI", "EmulatorGUI\EmulatorGUI.csproj", "{37E60C30-D128-433E-8629-6B2F471CA120}"
EndProject
Project("{FAE04EC0-301F-11D3-BF4B-00C04F79EFBC}") = "EmulatorLibrary", "EmulatorLibrary\EmulatorLibrary.csproj", "{8631785E-19D5-4713-A255-A02E1D6589F7}"
EndProject
Global
	GlobalSection(SolutionConfigurationPlatforms) = preSolution
		Debug|Any CPU = Debug|Any CPU
		Release|Any CPU = Release|Any CPU
	EndGlobalSection
	GlobalSection(ProjectConfigurationPlatforms) = postSolution
		{37E60C30-D128-433E-8629-6B2F471CA120}.Debug|Any CPU.ActiveCfg = Debug|Any CPU
		{37E60C30-D128-433E-8629-6B2F471CA120}.Debug|Any CPU.Build.0 = Debug|Any CPU
		{37E60C30-D128-433E-8629-6B2F471CA120}.Release|Any CPU.ActiveCfg = Release|Any CPU
		{37E60C30-D128-433E-8629-6B2F471CA120}.Release|Any CPU.Build.0 = Release|Any CPU
		{8631785E-19D5-4713-A255-A02E1D6589F7}.Debug|Any CPU.ActiveCfg = Debug|Any CPU
		{8631785E-19D5-4713-A255-A02E1D6589F7}.Debug|Any CPU.Build.0 = Debug|Any CPU
		{8631785E-19D5-4713-A255-A02E1D6589F7}.Release|Any CPU.ActiveCfg = Release|Any CPU
		{8631785E-19D5-4713-A255-A02E1D6589F7}.Release|Any CPU.Build.0 = Release|Any CPU
	EndGlobalSection
	GlobalSection(SolutionProperties) = preSolution
		HideSolutionNode = FALSE
	EndGlobalSection
	GlobalSection(ExtensibilityGlobals) = postSolution
		SolutionGuid = {D82528A8-ED2E-444A-8071-850EEFFDDD54}
	EndGlobalSection
EndGlobal
